
Microsoft Visual Studio Solution File, Format Version 12.00
# Visual Studio 15
VisualStudioVersion = 15.0.28010.2016
MinimumVisualStudioVersion = 10.0.40219.1
Project("{FAE04EC0-301F-11D3-BF4B-00C04F79EFBC}") = "WebApiVehiculo", "WebApiVehiculo\WebApiVehiculo.csproj", "{E2D90BDA-DD24-4C55-B1B8-0DB7E10ABD21}"
EndProject
Project("{FAE04EC0-301F-11D3-BF4B-00C04F79EFBC}") = "Contexto", "Contexto\Contexto.csproj", "{9DA49FC9-4CB2-43EE-BBC4-3A193963F61B}"
EndProject
Project("{FAE04EC0-301F-11D3-BF4B-00C04F79EFBC}") = "Negocio", "Negocio\Negocio.csproj", "{E1EF32A6-5958-4394-9479-B0FA5CB4111E}"
EndProject
Global
	GlobalSection(SolutionConfigurationPlatforms) = preSolution
		Debug|Any CPU = Debug|Any CPU
		Release|Any CPU = Release|Any CPU
	EndGlobalSection
	GlobalSection(ProjectConfigurationPlatforms) = postSolution
		{E2D90BDA-DD24-4C55-B1B8-0DB7E10ABD21}.Debug|Any CPU.ActiveCfg = Debug|Any CPU
		{E2D90BDA-DD24-4C55-B1B8-0DB7E10ABD21}.Debug|Any CPU.Build.0 = Debug|Any CPU
		{E2D90BDA-DD24-4C55-B1B8-0DB7E10ABD21}.Release|Any CPU.ActiveCfg = Release|Any CPU
		{E2D90BDA-DD24-4C55-B1B8-0DB7E10ABD21}.Release|Any CPU.Build.0 = Release|Any CPU
		{9DA49FC9-4CB2-43EE-BBC4-3A193963F61B}.Debug|Any CPU.ActiveCfg = Debug|Any CPU
		{9DA49FC9-4CB2-43EE-BBC4-3A193963F61B}.Debug|Any CPU.Build.0 = Debug|Any CPU
		{9DA49FC9-4CB2-43EE-BBC4-3A193963F61B}.Release|Any CPU.ActiveCfg = Release|Any CPU
		{9DA49FC9-4CB2-43EE-BBC4-3A193963F61B}.Release|Any CPU.Build.0 = Release|Any CPU
		{E1EF32A6-5958-4394-9479-B0FA5CB4111E}.Debug|Any CPU.ActiveCfg = Debug|Any CPU
		{E1EF32A6-5958-4394-9479-B0FA5CB4111E}.Debug|Any CPU.Build.0 = Debug|Any CPU
		{E1EF32A6-5958-4394-9479-B0FA5CB4111E}.Release|Any CPU.ActiveCfg = Release|Any CPU
		{E1EF32A6-5958-4394-9479-B0FA5CB4111E}.Release|Any CPU.Build.0 = Release|Any CPU
	EndGlobalSection
	GlobalSection(SolutionProperties) = preSolution
		HideSolutionNode = FALSE
	EndGlobalSection
	GlobalSection(ExtensibilityGlobals) = postSolution
		SolutionGuid = {E8945445-735D-4BBB-AB21-78857906DE31}
	EndGlobalSection
EndGlobal
